// !$*UTF8*$!
{
	archiveVersion = 1;
	classes = {
	};
	objectVersion = 48;
	objects = {

/* Begin PBXBuildFile section */
		7D46E78A1FFF456F00CD10F6 /* AppDelegate.swift in Sources */ = {isa = PBXBuildFile; fileRef = 7D46E7891FFF456F00CD10F6 /* AppDelegate.swift */; };
		7D46E78C1FFF456F00CD10F6 /* ViewController.swift in Sources */ = {isa = PBXBuildFile; fileRef = 7D46E78B1FFF456F00CD10F6 /* ViewController.swift */; };
		7D46E78F1FFF456F00CD10F6 /* Main.storyboard in Resources */ = {isa = PBXBuildFile; fileRef = 7D46E78D1FFF456F00CD10F6 /* Main.storyboard */; };
		7D46E7911FFF457000CD10F6 /* Assets.xcassets in Resources */ = {isa = PBXBuildFile; fileRef = 7D46E7901FFF457000CD10F6 /* Assets.xcassets */; };
		7D46E7941FFF457000CD10F6 /* LaunchScreen.storyboard in Resources */ = {isa = PBXBuildFile; fileRef = 7D46E7921FFF457000CD10F6 /* LaunchScreen.storyboard */; };
		7D46E79F1FFF457000CD10F6 /* CollectionViewTests.swift in Sources */ = {isa = PBXBuildFile; fileRef = 7D46E79E1FFF457000CD10F6 /* CollectionViewTests.swift */; };
		7D46E7AA1FFF457000CD10F6 /* CollectionViewUITests.swift in Sources */ = {isa = PBXBuildFile; fileRef = 7D46E7A91FFF457000CD10F6 /* CollectionViewUITests.swift */; };
/* End PBXBuildFile section */

/* Begin PBXContainerItemProxy section */
		7D46E79B1FFF457000CD10F6 /* PBXContainerItemProxy */ = {
			isa = PBXContainerItemProxy;
			containerPortal = 7D46E77E1FFF456F00CD10F6 /* Project object */;
			proxyType = 1;
			remoteGlobalIDString = 7D46E7851FFF456F00CD10F6;
			remoteInfo = CollectionView;
		};
		7D46E7A61FFF457000CD10F6 /* PBXContainerItemProxy */ = {
			isa = PBXContainerItemProxy;
			containerPortal = 7D46E77E1FFF456F00CD10F6 /* Project object */;
			proxyType = 1;
			remoteGlobalIDString = 7D46E7851FFF456F00CD10F6;
			remoteInfo = CollectionView;
		};
/* End PBXContainerItemProxy section */

/* Begin PBXFileReference section */
		7D46E7861FFF456F00CD10F6 /* CollectionView.app */ = {isa = PBXFileReference; explicitFileType = wrapper.application; includeInIndex = 0; path = CollectionView.app; sourceTree = BUILT_PRODUCTS_DIR; };
		7D46E7891FFF456F00CD10F6 /* AppDelegate.swift */ = {isa = PBXFileReference; lastKnownFileType = sourcecode.swift; path = AppDelegate.swift; sourceTree = "<group>"; };
		7D46E78B1FFF456F00CD10F6 /* ViewController.swift */ = {isa = PBXFileReference; lastKnownFileType = sourcecode.swift; path = ViewController.swift; sourceTree = "<group>"; };
		7D46E78E1FFF456F00CD10F6 /* Base */ = {isa = PBXFileReference; lastKnownFileType = file.storyboard; name = Base; path = Base.lproj/Main.storyboard; sourceTree = "<group>"; };
		7D46E7901FFF457000CD10F6 /* Assets.xcassets */ = {isa = PBXFileReference; lastKnownFileType = folder.assetcatalog; path = Assets.xcassets; sourceTree = "<group>"; };
		7D46E7931FFF457000CD10F6 /* Base */ = {isa = PBXFileReference; lastKnownFileType = file.storyboard; name = Base; path = Base.lproj/LaunchScreen.storyboard; sourceTree = "<group>"; };
		7D46E7951FFF457000CD10F6 /* Info.plist */ = {isa = PBXFileReference; lastKnownFileType = text.plist.xml; path = Info.plist; sourceTree = "<group>"; };
		7D46E79A1FFF457000CD10F6 /* CollectionViewTests.xctest */ = {isa = PBXFileReference; explicitFileType = wrapper.cfbundle; includeInIndex = 0; path = CollectionViewTests.xctest; sourceTree = BUILT_PRODUCTS_DIR; };
		7D46E79E1FFF457000CD10F6 /* CollectionViewTests.swift */ = {isa = PBXFileReference; lastKnownFileType = sourcecode.swift; path = CollectionViewTests.swift; sourceTree = "<group>"; };
		7D46E7A01FFF457000CD10F6 /* Info.plist */ = {isa = PBXFileReference; lastKnownFileType = text.plist.xml; path = Info.plist; sourceTree = "<group>"; };
		7D46E7A51FFF457000CD10F6 /* CollectionViewUITests.xctest */ = {isa = PBXFileReference; explicitFileType = wrapper.cfbundle; includeInIndex = 0; path = CollectionViewUITests.xctest; sourceTree = BUILT_PRODUCTS_DIR; };
		7D46E7A91FFF457000CD10F6 /* CollectionViewUITests.swift */ = {isa = PBXFileReference; lastKnownFileType = sourcecode.swift; path = CollectionViewUITests.swift; sourceTree = "<group>"; };
		7D46E7AB1FFF457000CD10F6 /* Info.plist */ = {isa = PBXFileReference; lastKnownFileType = text.plist.xml; path = Info.plist; sourceTree = "<group>"; };
/* End PBXFileReference section */

/* Begin PBXFrameworksBuildPhase section */
		7D46E7831FFF456F00CD10F6 /* Frameworks */ = {
			isa = PBXFrameworksBuildPhase;
			buildActionMask = 2147483647;
			files = (
			);
			runOnlyForDeploymentPostprocessing = 0;
		};
		7D46E7971FFF457000CD10F6 /* Frameworks */ = {
			isa = PBXFrameworksBuildPhase;
			buildActionMask = 2147483647;
			files = (
			);
			runOnlyForDeploymentPostprocessing = 0;
		};
		7D46E7A21FFF457000CD10F6 /* Frameworks */ = {
			isa = PBXFrameworksBuildPhase;
			buildActionMask = 2147483647;
			files = (
			);
			runOnlyForDeploymentPostprocessing = 0;
		};
/* End PBXFrameworksBuildPhase section */

/* Begin PBXGroup section */
		7D46E77D1FFF456F00CD10F6 = {
			isa = PBXGroup;
			children = (
				7D46E7881FFF456F00CD10F6 /* CollectionView */,
				7D46E79D1FFF457000CD10F6 /* CollectionViewTests */,
				7D46E7A81FFF457000CD10F6 /* CollectionViewUITests */,
				7D46E7871FFF456F00CD10F6 /* Products */,
			);
			sourceTree = "<group>";
		};
		7D46E7871FFF456F00CD10F6 /* Products */ = {
			isa = PBXGroup;
			children = (
				7D46E7861FFF456F00CD10F6 /* CollectionView.app */,
				7D46E79A1FFF457000CD10F6 /* CollectionViewTests.xctest */,
				7D46E7A51FFF457000CD10F6 /* CollectionViewUITests.xctest */,
			);
			name = Products;
			sourceTree = "<group>";
		};
		7D46E7881FFF456F00CD10F6 /* CollectionView */ = {
			isa = PBXGroup;
			children = (
				7D46E7891FFF456F00CD10F6 /* AppDelegate.swift */,
				7D46E78B1FFF456F00CD10F6 /* ViewController.swift */,
				7D46E78D1FFF456F00CD10F6 /* Main.storyboard */,
				7D46E7901FFF457000CD10F6 /* Assets.xcassets */,
				7D46E7921FFF457000CD10F6 /* LaunchScreen.storyboard */,
				7D46E7951FFF457000CD10F6 /* Info.plist */,
			);
			path = CollectionView;
			sourceTree = "<group>";
		};
		7D46E79D1FFF457000CD10F6 /* CollectionViewTests */ = {
			isa = PBXGroup;
			children = (
				7D46E79E1FFF457000CD10F6 /* CollectionViewTests.swift */,
				7D46E7A01FFF457000CD10F6 /* Info.plist */,
			);
			path = CollectionViewTests;
			sourceTree = "<group>";
		};
		7D46E7A81FFF457000CD10F6 /* CollectionViewUITests */ = {
			isa = PBXGroup;
			children = (
				7D46E7A91FFF457000CD10F6 /* CollectionViewUITests.swift */,
				7D46E7AB1FFF457000CD10F6 /* Info.plist */,
			);
			path = CollectionViewUITests;
			sourceTree = "<group>";
		};
/* End PBXGroup section */

/* Begin PBXNativeTarget section */
		7D46E7851FFF456F00CD10F6 /* CollectionView */ = {
			isa = PBXNativeTarget;
			buildConfigurationList = 7D46E7AE1FFF457000CD10F6 /* Build configuration list for PBXNativeTarget "CollectionView" */;
			buildPhases = (
				7D46E7821FFF456F00CD10F6 /* Sources */,
				7D46E7831FFF456F00CD10F6 /* Frameworks */,
				7D46E7841FFF456F00CD10F6 /* Resources */,
			);
			buildRules = (
			);
			dependencies = (
			);
			name = CollectionView;
			productName = CollectionView;
			productReference = 7D46E7861FFF456F00CD10F6 /* CollectionView.app */;
			productType = "com.apple.product-type.application";
		};
		7D46E7991FFF457000CD10F6 /* CollectionViewTests */ = {
			isa = PBXNativeTarget;
			buildConfigurationList = 7D46E7B11FFF457000CD10F6 /* Build configuration list for PBXNativeTarget "CollectionViewTests" */;
			buildPhases = (
				7D46E7961FFF457000CD10F6 /* Sources */,
				7D46E7971FFF457000CD10F6 /* Frameworks */,
				7D46E7981FFF457000CD10F6 /* Resources */,
			);
			buildRules = (
			);
			dependencies = (
				7D46E79C1FFF457000CD10F6 /* PBXTargetDependency */,
			);
			name = CollectionViewTests;
			productName = CollectionViewTests;
			productReference = 7D46E79A1FFF457000CD10F6 /* CollectionViewTests.xctest */;
			productType = "com.apple.product-type.bundle.unit-test";
		};
		7D46E7A41FFF457000CD10F6 /* CollectionViewUITests */ = {
			isa = PBXNativeTarget;
			buildConfigurationList = 7D46E7B41FFF457000CD10F6 /* Build configuration list for PBXNativeTarget "CollectionViewUITests" */;
			buildPhases = (
				7D46E7A11FFF457000CD10F6 /* Sources */,
				7D46E7A21FFF457000CD10F6 /* Frameworks */,
				7D46E7A31FFF457000CD10F6 /* Resources */,
			);
			buildRules = (
			);
			dependencies = (
				7D46E7A71FFF457000CD10F6 /* PBXTargetDependency */,
			);
			name = CollectionViewUITests;
			productName = CollectionViewUITests;
			productReference = 7D46E7A51FFF457000CD10F6 /* CollectionViewUITests.xctest */;
			productType = "com.apple.product-type.bundle.ui-testing";
		};
/* End PBXNativeTarget section */

/* Begin PBXProject section */
		7D46E77E1FFF456F00CD10F6 /* Project object */ = {
			isa = PBXProject;
			attributes = {
				LastSwiftUpdateCheck = 0920;
				LastUpgradeCheck = 0920;
				ORGANIZATIONNAME = darshan;
				TargetAttributes = {
					7D46E7851FFF456F00CD10F6 = {
						CreatedOnToolsVersion = 9.2;
						ProvisioningStyle = Automatic;
					};
					7D46E7991FFF457000CD10F6 = {
						CreatedOnToolsVersion = 9.2;
						ProvisioningStyle = Automatic;
						TestTargetID = 7D46E7851FFF456F00CD10F6;
					};
					7D46E7A41FFF457000CD10F6 = {
						CreatedOnToolsVersion = 9.2;
						ProvisioningStyle = Automatic;
						TestTargetID = 7D46E7851FFF456F00CD10F6;
					};
				};
			};
			buildConfigurationList = 7D46E7811FFF456F00CD10F6 /* Build configuration list for PBXProject "CollectionView" */;
			compatibilityVersion = "Xcode 8.0";
			developmentRegion = en;
			hasScannedForEncodings = 0;
			knownRegions = (
				en,
				Base,
			);
			mainGroup = 7D46E77D1FFF456F00CD10F6;
			productRefGroup = 7D46E7871FFF456F00CD10F6 /* Products */;
			projectDirPath = "";
			projectRoot = "";
			targets = (
				7D46E7851FFF456F00CD10F6 /* CollectionView */,
				7D46E7991FFF457000CD10F6 /* CollectionViewTests */,
				7D46E7A41FFF457000CD10F6 /* CollectionViewUITests */,
			);
		};
/* End PBXProject section */

/* Begin PBXResourcesBuildPhase section */
		7D46E7841FFF456F00CD10F6 /* Resources */ = {
			isa = PBXResourcesBuildPhase;
			buildActionMask = 2147483647;
			files = (
				7D46E7941FFF457000CD10F6 /* LaunchScreen.storyboard in Resources */,
				7D46E7911FFF457000CD10F6 /* Assets.xcassets in Resources */,
				7D46E78F1FFF456F00CD10F6 /* Main.storyboard in Resources */,
			);
			runOnlyForDeploymentPostprocessing = 0;
		};
		7D46E7981FFF457000CD10F6 /* Resources */ = {
			isa = PBXResourcesBuildPhase;
			buildActionMask = 2147483647;
			files = (
			);
			runOnlyForDeploymentPostprocessing = 0;
		};
		7D46E7A31FFF457000CD10F6 /* Resources */ = {
			isa = PBXResourcesBuildPhase;
			buildActionMask = 2147483647;
			files = (
			);
			runOnlyForDeploymentPostprocessing = 0;
		};
/* End PBXResourcesBuildPhase section */

/* Begin PBXSourcesBuildPhase section */
		7D46E7821FFF456F00CD10F6 /* Sources */ = {
			isa = PBXSourcesBuildPhase;
			buildActionMask = 2147483647;
			files = (
				7D46E78C1FFF456F00CD10F6 /* ViewController.swift in Sources */,
				7D46E78A1FFF456F00CD10F6 /* AppDelegate.swift in Sources */,
			);
			runOnlyForDeploymentPostprocessing = 0;
		};
		7D46E7961FFF457000CD10F6 /* Sources */ = {
			isa = PBXSourcesBuildPhase;
			buildActionMask = 2147483647;
			files = (
				7D46E79F1FFF457000CD10F6 /* CollectionViewTests.swift in Sources */,
			);
			runOnlyForDeploymentPostprocessing = 0;
		};
		7D46E7A11FFF457000CD10F6 /* Sources */ = {
			isa = PBXSourcesBuildPhase;
			buildActionMask = 2147483647;
			files = (
				7D46E7AA1FFF457000CD10F6 /* CollectionViewUITests.swift in Sources */,
			);
			runOnlyForDeploymentPostprocessing = 0;
		};
/* End PBXSourcesBuildPhase section */

/* Begin PBXTargetDependency section */
		7D46E79C1FFF457000CD10F6 /* PBXTargetDependency */ = {
			isa = PBXTargetDependency;
			target = 7D46E7851FFF456F00CD10F6 /* CollectionView */;
			targetProxy = 7D46E79B1FFF457000CD10F6 /* PBXContainerItemProxy */;
		};
		7D46E7A71FFF457000CD10F6 /* PBXTargetDependency */ = {
			isa = PBXTargetDependency;
			target = 7D46E7851FFF456F00CD10F6 /* CollectionView */;
			targetProxy = 7D46E7A61FFF457000CD10F6 /* PBXContainerItemProxy */;
		};
/* End PBXTargetDependency section */

/* Begin PBXVariantGroup section */
		7D46E78D1FFF456F00CD10F6 /* Main.storyboard */ = {
			isa = PBXVariantGroup;
			children = (
				7D46E78E1FFF456F00CD10F6 /* Base */,
			);
			name = Main.storyboard;
			sourceTree = "<group>";
		};
		7D46E7921FFF457000CD10F6 /* LaunchScreen.storyboard */ = {
			isa = PBXVariantGroup;
			children = (
				7D46E7931FFF457000CD10F6 /* Base */,
			);
			name = LaunchScreen.storyboard;
			sourceTree = "<group>";
		};
/* End PBXVariantGroup section */

/* Begin XCBuildConfiguration section */
		7D46E7AC1FFF457000CD10F6 /* Debug */ = {
			isa = XCBuildConfiguration;
			buildSettings = {
				ALWAYS_SEARCH_USER_PATHS = NO;
				CLANG_ANALYZER_NONNULL = YES;
				CLANG_ANALYZER_NUMBER_OBJECT_CONVERSION = YES_AGGRESSIVE;
				CLANG_CXX_LANGUAGE_STANDARD = "gnu++14";
				CLANG_CXX_LIBRARY = "libc++";
				CLANG_ENABLE_MODULES = YES;
				CLANG_ENABLE_OBJC_ARC = YES;
				CLANG_WARN_BLOCK_CAPTURE_AUTORELEASING = YES;
				CLANG_WARN_BOOL_CONVERSION = YES;
				CLANG_WARN_COMMA = YES;
				CLANG_WARN_CONSTANT_CONVERSION = YES;
				CLANG_WARN_DIRECT_OBJC_ISA_USAGE = YES_ERROR;
				CLANG_WARN_DOCUMENTATION_COMMENTS = YES;
				CLANG_WARN_EMPTY_BODY = YES;
				CLANG_WARN_ENUM_CONVERSION = YES;
				CLANG_WARN_INFINITE_RECURSION = YES;
				CLANG_WARN_INT_CONVERSION = YES;
				CLANG_WARN_NON_LITERAL_NULL_CONVERSION = YES;
				CLANG_WARN_OBJC_LITERAL_CONVERSION = YES;
				CLANG_WARN_OBJC_ROOT_CLASS = YES_ERROR;
				CLANG_WARN_RANGE_LOOP_ANALYSIS = YES;
				CLANG_WARN_STRICT_PROTOTYPES = YES;
				CLANG_WARN_SUSPICIOUS_MOVE = YES;
				CLANG_WARN_UNGUARDED_AVAILABILITY = YES_AGGRESSIVE;
				CLANG_WARN_UNREACHABLE_CODE = YES;
				CLANG_WARN__DUPLICATE_METHOD_MATCH = YES;
				CODE_SIGN_IDENTITY = "iPhone Developer";
				COPY_PHASE_STRIP = NO;
				DEBUG_INFORMATION_FORMAT = dwarf;
				ENABLE_STRICT_OBJC_MSGSEND = YES;
				ENABLE_TESTABILITY = YES;
				GCC_C_LANGUAGE_STANDARD = gnu11;
				GCC_DYNAMIC_NO_PIC = NO;
				GCC_NO_COMMON_BLOCKS = YES;
				GCC_OPTIMIZATION_LEVEL = 0;
				GCC_PREPROCESSOR_DEFINITIONS = (
					"DEBUG=1",
					"$(inherited)",
				);
				GCC_WARN_64_TO_32_BIT_CONVERSION = YES;
				GCC_WARN_ABOUT_RETURN_TYPE = YES_ERROR;
				GCC_WARN_UNDECLARED_SELECTOR = YES;
				GCC_WARN_UNINITIALIZED_AUTOS = YES_AGGRESSIVE;
				GCC_WARN_UNUSED_FUNCTION = YES;
				GCC_WARN_UNUSED_VARIABLE = YES;
				IPHONEOS_DEPLOYMENT_TARGET = 11.2;
				MTL_ENABLE_DEBUG_INFO = YES;
				ONLY_ACTIVE_ARCH = YES;
				SDKROOT = iphoneos;
				SWIFT_ACTIVE_COMPILATION_CONDITIONS = DEBUG;
				SWIFT_OPTIMIZATION_LEVEL = "-Onone";
			};
			name = Debug;
		};
		7D46E7AD1FFF457000CD10F6 /* Release */ = {
			isa = XCBuildConfiguration;
			buildSettings = {
				ALWAYS_SEARCH_USER_PATHS = NO;
				CLANG_ANALYZER_NONNULL = YES;
				CLANG_ANALYZER_NUMBER_OBJECT_CONVERSION = YES_AGGRESSIVE;
				CLANG_CXX_LANGUAGE_STANDARD = "gnu++14";
				CLANG_CXX_LIBRARY = "libc++";
				CLANG_ENABLE_MODULES = YES;
				CLANG_ENABLE_OBJC_ARC = YES;
				CLANG_WARN_BLOCK_CAPTURE_AUTORELEASING = YES;
				CLANG_WARN_BOOL_CONVERSION = YES;
				CLANG_WARN_COMMA = YES;
				CLANG_WARN_CONSTANT_CONVERSION = YES;
				CLANG_WARN_DIRECT_OBJC_ISA_USAGE = YES_ERROR;
				CLANG_WARN_DOCUMENTATION_COMMENTS = YES;
				CLANG_WARN_EMPTY_BODY = YES;
				CLANG_WARN_ENUM_CONVERSION = YES;
				CLANG_WARN_INFINITE_RECURSION = YES;
				CLANG_WARN_INT_CONVERSION = YES;
				CLANG_WARN_NON_LITERAL_NULL_CONVERSION = YES;
				CLANG_WARN_OBJC_LITERAL_CONVERSION = YES;
				CLANG_WARN_OBJC_ROOT_CLASS = YES_ERROR;
				CLANG_WARN_RANGE_LOOP_ANALYSIS = YES;
				CLANG_WARN_STRICT_PROTOTYPES = YES;
				CLANG_WARN_SUSPICIOUS_MOVE = YES;
				CLANG_WARN_UNGUARDED_AVAILABILITY = YES_AGGRESSIVE;
				CLANG_WARN_UNREACHABLE_CODE = YES;
				CLANG_WARN__DUPLICATE_METHOD_MATCH = YES;
				CODE_SIGN_IDENTITY = "iPhone Developer";
				COPY_PHASE_STRIP = NO;
				DEBUG_INFORMATION_FORMAT = "dwarf-with-dsym";
				ENABLE_NS_ASSERTIONS = NO;
				ENABLE_STRICT_OBJC_MSGSEND = YES;
				GCC_C_LANGUAGE_STANDARD = gnu11;
				GCC_NO_COMMON_BLOCKS = YES;
				GCC_WARN_64_TO_32_BIT_CONVERSION = YES;
				GCC_WARN_ABOUT_RETURN_TYPE = YES_ERROR;
				GCC_WARN_UNDECLARED_SELECTOR = YES;
				GCC_WARN_UNINITIALIZED_AUTOS = YES_AGGRESSIVE;
				GCC_WARN_UNUSED_FUNCTION = YES;
				GCC_WARN_UNUSED_VARIABLE = YES;
				IPHONEOS_DEPLOYMENT_TARGET = 11.2;
				MTL_ENABLE_DEBUG_INFO = NO;
				SDKROOT = iphoneos;
				SWIFT_OPTIMIZATION_LEVEL = "-Owholemodule";
				VALIDATE_PRODUCT = YES;
			};
			name = Release;
		};
		7D46E7AF1FFF457000CD10F6 /* Debug */ = {
			isa = XCBuildConfiguration;
			buildSettings = {
				ASSETCATALOG_COMPILER_APPICON_NAME = AppIcon;
				CODE_SIGN_STYLE = Automatic;
				INFOPLIST_FILE = CollectionView/Info.plist;
				LD_RUNPATH_SEARCH_PATHS = "$(inherited) @executable_path/Frameworks";
				PRODUCT_BUNDLE_IDENTIFIER = com.Obj.CollectionView;
				PRODUCT_NAME = "$(TARGET_NAME)";
				SWIFT_VERSION = 4.0;
				TARGETED_DEVICE_FAMILY = "1,2";
			};
			name = Debug;
		};
		7D46E7B01FFF457000CD10F6 /* Release */ = {
			isa = XCBuildConfiguration;
			buildSettings = {
				ASSETCATALOG_COMPILER_APPICON_NAME = AppIcon;
				CODE_SIGN_STYLE = Automatic;
				INFOPLIST_FILE = CollectionView/Info.plist;
				LD_RUNPATH_SEARCH_PATHS = "$(inherited) @executable_path/Frameworks";
				PRODUCT_BUNDLE_IDENTIFIER = com.Obj.CollectionView;
				PRODUCT_NAME = "$(TARGET_NAME)";
				SWIFT_VERSION = 4.0;
				TARGETED_DEVICE_FAMILY = "1,2";
			};
			name = Release;
		};
		7D46E7B21FFF457000CD10F6 /* Debug */ = {
			isa = XCBuildConfiguration;
			buildSettings = {
				ALWAYS_EMBED_SWIFT_STANDARD_LIBRARIES = YES;
				BUNDLE_LOADER = "$(TEST_HOST)";
				CODE_SIGN_STYLE = Automatic;
				INFOPLIST_FILE = CollectionViewTests/Info.plist;
				LD_RUNPATH_SEARCH_PATHS = "$(inherited) @executable_path/Frameworks @loader_path/Frameworks";
				PRODUCT_BUNDLE_IDENTIFIER = com.Obj.CollectionViewTests;
				PRODUCT_NAME = "$(TARGET_NAME)";
				SWIFT_VERSION = 4.0;
				TARGETED_DEVICE_FAMILY = "1,2";
				TEST_HOST = "$(BUILT_PRODUCTS_DIR)/CollectionView.app/CollectionView";
			};
			name = Debug;
		};
		7D46E7B31FFF457000CD10F6 /* Release */ = {
			isa = XCBuildConfiguration;
			buildSettings = {
				ALWAYS_EMBED_SWIFT_STANDARD_LIBRARIES = YES;
				BUNDLE_LOADER = "$(TEST_HOST)";
				CODE_SIGN_STYLE = Automatic;
				INFOPLIST_FILE = CollectionViewTests/Info.plist;
				LD_RUNPATH_SEARCH_PATHS = "$(inherited) @executable_path/Frameworks @loader_path/Frameworks";
				PRODUCT_BUNDLE_IDENTIFIER = com.Obj.CollectionViewTests;
				PRODUCT_NAME = "$(TARGET_NAME)";
				SWIFT_VERSION = 4.0;
				TARGETED_DEVICE_FAMILY = "1,2";
				TEST_HOST = "$(BUILT_PRODUCTS_DIR)/CollectionView.app/CollectionView";
			};
			name = Release;
		};
		7D46E7B51FFF457000CD10F6 /* Debug */ = {
			isa = XCBuildConfiguration;
			buildSettings = {
				ALWAYS_EMBED_SWIFT_STANDARD_LIBRARIES = YES;
				CODE_SIGN_STYLE = Automatic;
				INFOPLIST_FILE = CollectionViewUITests/Info.plist;
				LD_RUNPATH_SEARCH_PATHS = "$(inherited) @executable_path/Frameworks @loader_path/Frameworks";
				PRODUCT_BUNDLE_IDENTIFIER = com.Obj.CollectionViewUITests;
				PRODUCT_NAME = "$(TARGET_NAME)";
				SWIFT_VERSION = 4.0;
				TARGETED_DEVICE_FAMILY = "1,2";
				TEST_TARGET_NAME = CollectionView;
			};
			name = Debug;
		};
		7D46E7B61FFF457000CD10F6 /* Release */ = {
			isa = XCBuildConfiguration;
			buildSettings = {
				ALWAYS_EMBED_SWIFT_STANDARD_LIBRARIES = YES;
				CODE_SIGN_STYLE = Automatic;
				INFOPLIST_FILE = CollectionViewUITests/Info.plist;
				LD_RUNPATH_SEARCH_PATHS = "$(inherited) @executable_path/Frameworks @loader_path/Frameworks";
				PRODUCT_BUNDLE_IDENTIFIER = com.Obj.CollectionViewUITests;
				PRODUCT_NAME = "$(TARGET_NAME)";
				SWIFT_VERSION = 4.0;
				TARGETED_DEVICE_FAMILY = "1,2";
				TEST_TARGET_NAME = CollectionView;
			};
			name = Release;
		};
/* End XCBuildConfiguration section */

/* Begin XCConfigurationList section */
		7D46E7811FFF456F00CD10F6 /* Build configuration list for PBXProject "CollectionView" */ = {
			isa = XCConfigurationList;
			buildConfigurations = (
				7D46E7AC1FFF457000CD10F6 /* Debug */,
				7D46E7AD1FFF457000CD10F6 /* Release */,
			);
			defaultConfigurationIsVisible = 0;
			defaultConfigurationName = Release;
		};
		7D46E7AE1FFF457000CD10F6 /* Build configuration list for PBXNativeTarget "CollectionView" */ = {
			isa = XCConfigurationList;
			buildConfigurations = (
				7D46E7AF1FFF457000CD10F6 /* Debug */,
				7D46E7B01FFF457000CD10F6 /* Release */,
			);
			defaultConfigurationIsVisible = 0;
			defaultConfigurationName = Release;
		};
		7D46E7B11FFF457000CD10F6 /* Build configuration list for PBXNativeTarget "CollectionViewTests" */ = {
			isa = XCConfigurationList;
			buildConfigurations = (
				7D46E7B21FFF457000CD10F6 /* Debug */,
				7D46E7B31FFF457000CD10F6 /* Release */,
			);
			defaultConfigurationIsVisible = 0;
			defaultConfigurationName = Release;
		};
		7D46E7B41FFF457000CD10F6 /* Build configuration list for PBXNativeTarget "CollectionViewUITests" */ = {
			isa = XCConfigurationList;
			buildConfigurations = (
				7D46E7B51FFF457000CD10F6 /* Debug */,
				7D46E7B61FFF457000CD10F6 /* Release */,
			);
			defaultConfigurationIsVisible = 0;
			defaultConfigurationName = Release;
		};
/* End XCConfigurationList section */
	};
	rootObject = 7D46E77E1FFF456F00CD10F6 /* Project object */;
}
